{
  "lockfileVersion": 1,
  "configVersion": 1,
  "workspaces": {
    "": {
      "name": "ralphbox",
      "devDependencies": {
        "@types/bun": "1.3.8",
        "oxfmt": "0.27.0",
        "turbo": "2.8.0",
      },
    },
    "packages/cli": {
      "name": "@ralphbox/cli",
      "dependencies": {
        "@anthropic-ai/claude-agent-sdk": "^0.2.29",
        "@vercel/sandbox": "^1.4.1",
        "ai": "^6.0.66",
        "ai-sdk-provider-claude-code": "^3.3.5",
        "ai-sdk-provider-codex-cli": "^1.0.5",
        "zod": "^4.3.6",
      },
      "devDependencies": {
        "@types/bun": "1.3.8",
        "typescript": "5.9.3",
      },
    },
  },
  "packages": {
    "@ai-sdk/gateway": ["@ai-sdk/gateway@3.0.31", "", { "dependencies": { "@ai-sdk/provider": "3.0.6", "@ai-sdk/provider-utils": "4.0.12", "@vercel/oidc": "3.1.0" }, "peerDependencies": { "zod": "^3.25.76 || ^4.1.8" } }, "sha512-WActnxPeW46XcfZWWEcJ1FytpjCtKQEo25WZVa2xZSf+u2FgSNVt/dXIvlSZetPnXo6T2P/GhFAPBULMN6siRA=="],

    "@ai-sdk/provider": ["@ai-sdk/provider@3.0.6", "", { "dependencies": { "json-schema": "^0.4.0" } }, "sha512-hSfoJtLtpMd7YxKM+iTqlJ0ZB+kJ83WESMiWuWrNVey3X8gg97x0OdAAaeAeclZByCX3UdPOTqhvJdK8qYA3ww=="],

    "@ai-sdk/provider-utils": ["@ai-sdk/provider-utils@4.0.12", "", { "dependencies": { "@ai-sdk/provider": "3.0.6", "@standard-schema/spec": "^1.1.0", "eventsource-parser": "^3.0.6" }, "peerDependencies": { "zod": "^3.25.76 || ^4.1.8" } }, "sha512-sdC3eUTa5W4r/bISlF3nxmM6zc8mV7Nj3mWI9iUO0cib70h0Zr52Tz5gGzO6HcDirbKVTR2ywmZb61MHU68prA=="],

    "@anthropic-ai/claude-agent-sdk": ["@anthropic-ai/claude-agent-sdk@0.2.29", "", { "optionalDependencies": { "@img/sharp-darwin-arm64": "^0.33.5", "@img/sharp-darwin-x64": "^0.33.5", "@img/sharp-linux-arm": "^0.33.5", "@img/sharp-linux-arm64": "^0.33.5", "@img/sharp-linux-x64": "^0.33.5", "@img/sharp-linuxmusl-arm64": "^0.33.5", "@img/sharp-linuxmusl-x64": "^0.33.5", "@img/sharp-win32-x64": "^0.33.5" }, "peerDependencies": { "zod": "^4.0.0" } }, "sha512-b+655n4ZqqAiMQEL3P44e9UurkI7WWanWTQQQTEcKngL5YCjjXExEPEJRxrmqp8mQXs0kLErZhObx0ZuwibOhA=="],

    "@img/sharp-darwin-arm64": ["@img/sharp-darwin-arm64@0.33.5", "", { "optionalDependencies": { "@img/sharp-libvips-darwin-arm64": "1.0.4" }, "os": "darwin", "cpu": "arm64" }, "sha512-UT4p+iz/2H4twwAoLCqfA9UH5pI6DggwKEGuaPy7nCVQ8ZsiY5PIcrRvD1DzuY3qYL07NtIQcWnBSY/heikIFQ=="],

    "@img/sharp-darwin-x64": ["@img/sharp-darwin-x64@0.33.5", "", { "optionalDependencies": { "@img/sharp-libvips-darwin-x64": "1.0.4" }, "os": "darwin", "cpu": "x64" }, "sha512-fyHac4jIc1ANYGRDxtiqelIbdWkIuQaI84Mv45KvGRRxSAa7o7d1ZKAOBaYbnepLC1WqxfpimdeWfvqqSGwR2Q=="],

    "@img/sharp-libvips-darwin-arm64": ["@img/sharp-libvips-darwin-arm64@1.0.4", "", { "os": "darwin", "cpu": "arm64" }, "sha512-XblONe153h0O2zuFfTAbQYAX2JhYmDHeWikp1LM9Hul9gVPjFY427k6dFEcOL72O01QxQsWi761svJ/ev9xEDg=="],

    "@img/sharp-libvips-darwin-x64": ["@img/sharp-libvips-darwin-x64@1.0.4", "", { "os": "darwin", "cpu": "x64" }, "sha512-xnGR8YuZYfJGmWPvmlunFaWJsb9T/AO2ykoP3Fz/0X5XV2aoYBPkX6xqCQvUTKKiLddarLaxpzNe+b1hjeWHAQ=="],

    "@img/sharp-libvips-linux-arm": ["@img/sharp-libvips-linux-arm@1.0.5", "", { "os": "linux", "cpu": "arm" }, "sha512-gvcC4ACAOPRNATg/ov8/MnbxFDJqf/pDePbBnuBDcjsI8PssmjoKMAz4LtLaVi+OnSb5FK/yIOamqDwGmXW32g=="],

    "@img/sharp-libvips-linux-arm64": ["@img/sharp-libvips-linux-arm64@1.0.4", "", { "os": "linux", "cpu": "arm64" }, "sha512-9B+taZ8DlyyqzZQnoeIvDVR/2F4EbMepXMc/NdVbkzsJbzkUjhXv/70GQJ7tdLA4YJgNP25zukcxpX2/SueNrA=="],

    "@img/sharp-libvips-linux-x64": ["@img/sharp-libvips-linux-x64@1.0.4", "", { "os": "linux", "cpu": "x64" }, "sha512-MmWmQ3iPFZr0Iev+BAgVMb3ZyC4KeFc3jFxnNbEPas60e1cIfevbtuyf9nDGIzOaW9PdnDciJm+wFFaTlj5xYw=="],

    "@img/sharp-libvips-linuxmusl-arm64": ["@img/sharp-libvips-linuxmusl-arm64@1.0.4", "", { "os": "linux", "cpu": "arm64" }, "sha512-9Ti+BbTYDcsbp4wfYib8Ctm1ilkugkA/uscUn6UXK1ldpC1JjiXbLfFZtRlBhjPZ5o1NCLiDbg8fhUPKStHoTA=="],

    "@img/sharp-libvips-linuxmusl-x64": ["@img/sharp-libvips-linuxmusl-x64@1.0.4", "", { "os": "linux", "cpu": "x64" }, "sha512-viYN1KX9m+/hGkJtvYYp+CCLgnJXwiQB39damAO7WMdKWlIhmYTfHjwSbQeUK/20vY154mwezd9HflVFM1wVSw=="],

    "@img/sharp-linux-arm": ["@img/sharp-linux-arm@0.33.5", "", { "optionalDependencies": { "@img/sharp-libvips-linux-arm": "1.0.5" }, "os": "linux", "cpu": "arm" }, "sha512-JTS1eldqZbJxjvKaAkxhZmBqPRGmxgu+qFKSInv8moZ2AmT5Yib3EQ1c6gp493HvrvV8QgdOXdyaIBrhvFhBMQ=="],

    "@img/sharp-linux-arm64": ["@img/sharp-linux-arm64@0.33.5", "", { "optionalDependencies": { "@img/sharp-libvips-linux-arm64": "1.0.4" }, "os": "linux", "cpu": "arm64" }, "sha512-JMVv+AMRyGOHtO1RFBiJy/MBsgz0x4AWrT6QoEVVTyh1E39TrCUpTRI7mx9VksGX4awWASxqCYLCV4wBZHAYxA=="],

    "@img/sharp-linux-x64": ["@img/sharp-linux-x64@0.33.5", "", { "optionalDependencies": { "@img/sharp-libvips-linux-x64": "1.0.4" }, "os": "linux", "cpu": "x64" }, "sha512-opC+Ok5pRNAzuvq1AG0ar+1owsu842/Ab+4qvU879ippJBHvyY5n2mxF1izXqkPYlGuP/M556uh53jRLJmzTWA=="],

    "@img/sharp-linuxmusl-arm64": ["@img/sharp-linuxmusl-arm64@0.33.5", "", { "optionalDependencies": { "@img/sharp-libvips-linuxmusl-arm64": "1.0.4" }, "os": "linux", "cpu": "arm64" }, "sha512-XrHMZwGQGvJg2V/oRSUfSAfjfPxO+4DkiRh6p2AFjLQztWUuY/o8Mq0eMQVIY7HJ1CDQUJlxGGZRw1a5bqmd1g=="],

    "@img/sharp-linuxmusl-x64": ["@img/sharp-linuxmusl-x64@0.33.5", "", { "optionalDependencies": { "@img/sharp-libvips-linuxmusl-x64": "1.0.4" }, "os": "linux", "cpu": "x64" }, "sha512-WT+d/cgqKkkKySYmqoZ8y3pxx7lx9vVejxW/W4DOFMYVSkErR+w7mf2u8m/y4+xHe7yY9DAXQMWQhpnMuFfScw=="],

    "@img/sharp-win32-x64": ["@img/sharp-win32-x64@0.33.5", "", { "os": "win32", "cpu": "x64" }, "sha512-MpY/o8/8kj+EcnxwvrP4aTJSWw/aZ7JIGR4aBeZkZw5B7/Jn+tY9/VNwtcoGmdT7GfggGIU4kygOMSbYnOrAbg=="],

    "@openai/codex": ["@openai/codex@0.87.0", "", { "bin": { "codex": "bin/codex.js" } }, "sha512-VaPB2gcJ6XLqs8Kvv5bkel1cItSDZIHk0xA71IFux+lYTHmyV6ihup6FolSWROmiYfr7dXxPrtb01CQ7sl0AdA=="],

    "@opentelemetry/api": ["@opentelemetry/api@1.9.0", "", {}, "sha512-3giAOQvZiH5F9bMlMiv8+GSPMeqg0dbaeo58/0SlA9sxSqZhnUtxzX9/2FzyhS9sWQf5S0GJE0AKBrFqjpeYcg=="],

    "@oxfmt/darwin-arm64": ["@oxfmt/darwin-arm64@0.27.0", "", { "os": "darwin", "cpu": "arm64" }, "sha512-3vwqyzNlVTVFVzHMlrqxb4tgVgHp6FYS0uIxsIZ/SeEDG0azaqiOw/2t8LlJ9f72PKRLWSey+Ak99tiKgpbsnQ=="],

    "@oxfmt/darwin-x64": ["@oxfmt/darwin-x64@0.27.0", "", { "os": "darwin", "cpu": "x64" }, "sha512-5u8mZVLm70v6l1wLZ2MmeNIEzGsruwKw5F7duePzpakPfxGtLpiFNUwe4aBUJULTP6aMzH+A4dA0JOn8lb7Luw=="],

    "@oxfmt/linux-arm64-gnu": ["@oxfmt/linux-arm64-gnu@0.27.0", "", { "os": "linux", "cpu": "arm64" }, "sha512-aql/LLYriX/5Ar7o5Qivnp/qMTUPNiOCr7cFLvmvzYZa3XL0H8XtbKUfIVm+9ILR0urXQzcml+L8pLe1p8sgEg=="],

    "@oxfmt/linux-arm64-musl": ["@oxfmt/linux-arm64-musl@0.27.0", "", { "os": "linux", "cpu": "arm64" }, "sha512-6u/kNb7hubthg4u/pn3MK/GJLwPgjDvDDnjjr7TC0/OK/xztef8ToXmycxIQ9OeDNIJJf7Z0Ss/rHnKvQOWzRw=="],

    "@oxfmt/linux-x64-gnu": ["@oxfmt/linux-x64-gnu@0.27.0", "", { "os": "linux", "cpu": "x64" }, "sha512-EhvDfFHO1yrK/Cu75eU1U828lBsW2cV0JITOrka5AjR3PlmnQQ03Mr9ROkWkbPmzAMklXI4Q16eO+4n+7FhS1w=="],

    "@oxfmt/linux-x64-musl": ["@oxfmt/linux-x64-musl@0.27.0", "", { "os": "linux", "cpu": "x64" }, "sha512-1pgjuwMT5sCekuteYZ7LkDsto7DJouaccwjozHqdWohSj2zJpFeSP2rMaC+6JJ1KD5r9HG9sWRuHZGEaoX9uOw=="],

    "@oxfmt/win32-arm64": ["@oxfmt/win32-arm64@0.27.0", "", { "os": "win32", "cpu": "arm64" }, "sha512-mmuEhXZEhAYAeyjVTWwGKIA3RSb2b/He9wrXkDJPhmqp8qISUzkVg1dQmLEt4hD+wI5rzR+6vchPt521tzuRDA=="],

    "@oxfmt/win32-x64": ["@oxfmt/win32-x64@0.27.0", "", { "os": "win32", "cpu": "x64" }, "sha512-cXKVkL1DuRq31QjwHqtBEUztyBmM9YZKdeFhsDLBURNdk1CFW42uWsmTsaqrXSoiCj7nCjfP0pwTOzxhQZra/A=="],

    "@ralphbox/cli": ["@ralphbox/cli@workspace:packages/cli"],

    "@standard-schema/spec": ["@standard-schema/spec@1.1.0", "", {}, "sha512-l2aFy5jALhniG5HgqrD6jXLi/rUWrKvqN/qJx6yoJsgKhblVd+iqqU4RCXavm/jPityDo5TCvKMnpjKnOriy0w=="],

    "@types/bun": ["@types/bun@1.3.8", "", { "dependencies": { "bun-types": "1.3.8" } }, "sha512-3LvWJ2q5GerAXYxO2mffLTqOzEu5qnhEAlh48Vnu8WQfnmSwbgagjGZV6BoHKJztENYEDn6QmVd949W4uESRJA=="],

    "@types/node": ["@types/node@25.1.0", "", { "dependencies": { "undici-types": "~7.16.0" } }, "sha512-t7frlewr6+cbx+9Ohpl0NOTKXZNV9xHRmNOvql47BFJKcEG1CxtxlPEEe+gR9uhVWM4DwhnvTF110mIL4yP9RA=="],

    "@vercel/oidc": ["@vercel/oidc@3.1.0", "", {}, "sha512-Fw28YZpRnA3cAHHDlkt7xQHiJ0fcL+NRcIqsocZQUSmbzeIKRpwttJjik5ZGanXP+vlA4SbTg+AbA3bP363l+w=="],

    "@vercel/sandbox": ["@vercel/sandbox@1.4.1", "", { "dependencies": { "@vercel/oidc": "^3.1.0", "async-retry": "1.3.3", "jsonlines": "0.1.1", "ms": "2.1.3", "picocolors": "^1.1.1", "tar-stream": "3.1.7", "undici": "^7.16.0", "xdg-app-paths": "5.1.0", "zod": "3.24.4" } }, "sha512-5jaNLv6QJ0112ZFhCv9hQDCV3IYogpbEn5LzMcY5E8TZsf5tF0avat2tBe7McOJvgVs0SDkuzjvGjUMKtTkjrA=="],

    "ai": ["ai@6.0.66", "", { "dependencies": { "@ai-sdk/gateway": "3.0.31", "@ai-sdk/provider": "3.0.6", "@ai-sdk/provider-utils": "4.0.12", "@opentelemetry/api": "1.9.0" }, "peerDependencies": { "zod": "^3.25.76 || ^4.1.8" } }, "sha512-Klnzjlc3JczRykD75t+Qn5Jt5HwUCaLlN9aZku9KrSDjhc/pab54YH0w85huue7FLPlbTVF5zaQrw3NdEwiGpA=="],

    "ai-sdk-provider-claude-code": ["ai-sdk-provider-claude-code@3.3.5", "", { "dependencies": { "@ai-sdk/provider": "^3.0.0", "@ai-sdk/provider-utils": "^4.0.1", "@anthropic-ai/claude-agent-sdk": "^0.2.23" }, "peerDependencies": { "zod": "^4.0.0" } }, "sha512-yL1TB9Tqaa526DiHjalqTgXnj/I7TwjTGWa3+GLQO1qkkr52ZMwnnyLHu37/CUYNFLywzl64V+WwMKhEkPt2FA=="],

    "ai-sdk-provider-codex-cli": ["ai-sdk-provider-codex-cli@1.0.5", "", { "dependencies": { "@ai-sdk/provider": "^3.0.0", "@ai-sdk/provider-utils": "^4.0.1", "jsonc-parser": "^3.3.1" }, "optionalDependencies": { "@openai/codex": "^0.87.0" }, "peerDependencies": { "zod": "^3.0.0 || ^4.0.0" } }, "sha512-B63lHENRC145Jr1MKa0Yej1R0Erg6F4n+QjZVH83DlRURMAZZsYLl0cLdoFA08DF/m3TNX6GhIiGZrJg0CF6YA=="],

    "async-retry": ["async-retry@1.3.3", "", { "dependencies": { "retry": "0.13.1" } }, "sha512-wfr/jstw9xNi/0teMHrRW7dsz3Lt5ARhYNZ2ewpadnhaIp5mbALhOAP+EAdsC7t4Z6wqsDVv9+W6gm1Dk9mEyw=="],

    "b4a": ["b4a@1.7.3", "", { "peerDependencies": { "react-native-b4a": "*" }, "optionalPeers": ["react-native-b4a"] }, "sha512-5Q2mfq2WfGuFp3uS//0s6baOJLMoVduPYVeNmDYxu5OUA1/cBfvr2RIS7vi62LdNj/urk1hfmj867I3qt6uZ7Q=="],

    "bare-events": ["bare-events@2.8.2", "", { "peerDependencies": { "bare-abort-controller": "*" }, "optionalPeers": ["bare-abort-controller"] }, "sha512-riJjyv1/mHLIPX4RwiK+oW9/4c3TEUeORHKefKAKnZ5kyslbN+HXowtbaVEqt4IMUB7OXlfixcs6gsFeo/jhiQ=="],

    "bun-types": ["bun-types@1.3.8", "", { "dependencies": { "@types/node": "*" } }, "sha512-fL99nxdOWvV4LqjmC+8Q9kW3M4QTtTR1eePs94v5ctGqU8OeceWrSUaRw3JYb7tU3FkMIAjkueehrHPPPGKi5Q=="],

    "events-universal": ["events-universal@1.0.1", "", { "dependencies": { "bare-events": "^2.7.0" } }, "sha512-LUd5euvbMLpwOF8m6ivPCbhQeSiYVNb8Vs0fQ8QjXo0JTkEHpz8pxdQf0gStltaPpw0Cca8b39KxvK9cfKRiAw=="],

    "eventsource-parser": ["eventsource-parser@3.0.6", "", {}, "sha512-Vo1ab+QXPzZ4tCa8SwIHJFaSzy4R6SHf7BY79rFBDf0idraZWAkYrDjDj8uWaSm3S2TK+hJ7/t1CEmZ7jXw+pg=="],

    "fast-fifo": ["fast-fifo@1.3.2", "", {}, "sha512-/d9sfos4yxzpwkDkuN7k2SqFKtYNmCTzgfEpz82x34IM9/zc8KGxQoXg1liNC/izpRM/MBdt44Nmx41ZWqk+FQ=="],

    "json-schema": ["json-schema@0.4.0", "", {}, "sha512-es94M3nTIfsEPisRafak+HDLfHXnKBhV3vU5eqPcS3flIWqcxJWgXHXiey3YrpaNsanY5ei1VoYEbOzijuq9BA=="],

    "jsonc-parser": ["jsonc-parser@3.3.1", "", {}, "sha512-HUgH65KyejrUFPvHFPbqOY0rsFip3Bo5wb4ngvdi1EpCYWUQDC5V+Y7mZws+DLkr4M//zQJoanu1SP+87Dv1oQ=="],

    "jsonlines": ["jsonlines@0.1.1", "", {}, "sha512-ekDrAGso79Cvf+dtm+mL8OBI2bmAOt3gssYs833De/C9NmIpWDWyUO4zPgB5x2/OhY366dkhgfPMYfwZF7yOZA=="],

    "ms": ["ms@2.1.3", "", {}, "sha512-6FlzubTLZG3J2a/NVCAleEhjzq5oxgHyaCU9yYXvcLsvoVaHJq/s5xXI6/XXP6tz7R9xAOtHnSO/tXtF3WRTlA=="],

    "os-paths": ["os-paths@4.4.0", "", {}, "sha512-wrAwOeXp1RRMFfQY8Sy7VaGVmPocaLwSFOYCGKSyo8qmJ+/yaafCl5BCA1IQZWqFSRBrKDYFeR9d/VyQzfH/jg=="],

    "oxfmt": ["oxfmt@0.27.0", "", { "dependencies": { "tinypool": "2.0.0" }, "optionalDependencies": { "@oxfmt/darwin-arm64": "0.27.0", "@oxfmt/darwin-x64": "0.27.0", "@oxfmt/linux-arm64-gnu": "0.27.0", "@oxfmt/linux-arm64-musl": "0.27.0", "@oxfmt/linux-x64-gnu": "0.27.0", "@oxfmt/linux-x64-musl": "0.27.0", "@oxfmt/win32-arm64": "0.27.0", "@oxfmt/win32-x64": "0.27.0" }, "bin": { "oxfmt": "bin/oxfmt" } }, "sha512-FHR0HR3WeMKBuVEQvW3EeiRZXs/cQzNHxGbhCoAIEPr1FVcOa9GCqrKJXPqv2jkzmCg6Wqot+DvN9RzemyFJhw=="],

    "picocolors": ["picocolors@1.1.1", "", {}, "sha512-xceH2snhtb5M9liqDsmEw56le376mTZkEX/jEb/RxNFyegNul7eNslCXP9FDj/Lcu0X8KEyMceP2ntpaHrDEVA=="],

    "retry": ["retry@0.13.1", "", {}, "sha512-XQBQ3I8W1Cge0Seh+6gjj03LbmRFWuoszgK9ooCpwYIrhhoO80pfq4cUkU5DkknwfOfFteRwlZ56PYOGYyFWdg=="],

    "streamx": ["streamx@2.23.0", "", { "dependencies": { "events-universal": "^1.0.0", "fast-fifo": "^1.3.2", "text-decoder": "^1.1.0" } }, "sha512-kn+e44esVfn2Fa/O0CPFcex27fjIL6MkVae0Mm6q+E6f0hWv578YCERbv+4m02cjxvDsPKLnmxral/rR6lBMAg=="],

    "tar-stream": ["tar-stream@3.1.7", "", { "dependencies": { "b4a": "^1.6.4", "fast-fifo": "^1.2.0", "streamx": "^2.15.0" } }, "sha512-qJj60CXt7IU1Ffyc3NJMjh6EkuCFej46zUqJ4J7pqYlThyd9bO0XBTmcOIhSzZJVWfsLks0+nle/j538YAW9RQ=="],

    "text-decoder": ["text-decoder@1.2.3", "", { "dependencies": { "b4a": "^1.6.4" } }, "sha512-3/o9z3X0X0fTupwsYvR03pJ/DjWuqqrfwBgTQzdWDiQSm9KitAyz/9WqsT2JQW7KV2m+bC2ol/zqpW37NHxLaA=="],

    "tinypool": ["tinypool@2.0.0", "", {}, "sha512-/RX9RzeH2xU5ADE7n2Ykvmi9ED3FBGPAjw9u3zucrNNaEBIO0HPSYgL0NT7+3p147ojeSdaVu08F6hjpv31HJg=="],

    "turbo": ["turbo@2.8.0", "", { "optionalDependencies": { "turbo-darwin-64": "2.8.0", "turbo-darwin-arm64": "2.8.0", "turbo-linux-64": "2.8.0", "turbo-linux-arm64": "2.8.0", "turbo-windows-64": "2.8.0", "turbo-windows-arm64": "2.8.0" }, "bin": { "turbo": "bin/turbo" } }, "sha512-hYbxnLEdvJF+DLALS+Ia+PbfNtn0sDP0hH2u9AFoskSUDmcVHSrtwHpzdX94MrRJKo9D9tYxY3MyP20gnlrWyA=="],

    "turbo-darwin-64": ["turbo-darwin-64@2.8.0", "", { "os": "darwin", "cpu": "x64" }, "sha512-N7f4PYqz25yk8c5kituk09bJ89tE4wPPqKXgYccT6nbEQnGnrdvlyCHLyqViNObTgjjrddqjb1hmDkv7VcxE0g=="],

    "turbo-darwin-arm64": ["turbo-darwin-arm64@2.8.0", "", { "os": "darwin", "cpu": "arm64" }, "sha512-eVzejaP5fn51gmJAPW68U6mSjFaAZ26rPiE36mMdk+tMC4XBGmJHT/fIgrhcrXMvINCl27RF8VmguRe+MBlSuQ=="],

    "turbo-linux-64": ["turbo-linux-64@2.8.0", "", { "os": "linux", "cpu": "x64" }, "sha512-ILR45zviYae3icf4cmUISdj8X17ybNcMh3Ms4cRdJF5sS50qDDTv8qeWqO/lPeHsu6r43gVWDofbDZYVuXYL7Q=="],

    "turbo-linux-arm64": ["turbo-linux-arm64@2.8.0", "", { "os": "linux", "cpu": "arm64" }, "sha512-z9pUa8ENFuHmadPfjEYMRWlXO82t1F/XBDx2XTg+cWWRZHf85FnEB6D4ForJn/GoKEEvwdPhFLzvvhOssom2ug=="],

    "turbo-windows-64": ["turbo-windows-64@2.8.0", "", { "os": "win32", "cpu": "x64" }, "sha512-J6juRSRjmSErEqJCv7nVIq2DgZ2NHXqyeV8NQTFSyIvrThKiWe7FDOO6oYpuR06+C1NW82aoN4qQt4/gYvz25w=="],

    "turbo-windows-arm64": ["turbo-windows-arm64@2.8.0", "", { "os": "win32", "cpu": "arm64" }, "sha512-qarBZvCu6uka35739TS+y/3CBU3zScrVAfohAkKHG+So+93Wn+5tKArs8HrO2fuTaGou8fMIeTV7V5NgzCVkSQ=="],

    "typescript": ["typescript@5.9.3", "", { "bin": { "tsc": "bin/tsc", "tsserver": "bin/tsserver" } }, "sha512-jl1vZzPDinLr9eUt3J/t7V6FgNEw9QjvBPdysz9KfQDD41fQrC2Y4vKQdiaUpFT4bXlb1RHhLpp8wtm6M5TgSw=="],

    "undici": ["undici@7.19.2", "", {}, "sha512-4VQSpGEGsWzk0VYxyB/wVX/Q7qf9t5znLRgs0dzszr9w9Fej/8RVNQ+S20vdXSAyra/bJ7ZQfGv6ZMj7UEbzSg=="],

    "undici-types": ["undici-types@7.16.0", "", {}, "sha512-Zz+aZWSj8LE6zoxD+xrjh4VfkIG8Ya6LvYkZqtUQGJPZjYl53ypCaUwWqo7eI0x66KBGeRo+mlBEkMSeSZ38Nw=="],

    "xdg-app-paths": ["xdg-app-paths@5.1.0", "", { "dependencies": { "xdg-portable": "^7.0.0" } }, "sha512-RAQ3WkPf4KTU1A8RtFx3gWywzVKe00tfOPFfl2NDGqbIFENQO4kqAJp7mhQjNj/33W5x5hiWWUdyfPq/5SU3QA=="],

    "xdg-portable": ["xdg-portable@7.3.0", "", { "dependencies": { "os-paths": "^4.0.1" } }, "sha512-sqMMuL1rc0FmMBOzCpd0yuy9trqF2yTTVe+E9ogwCSWQCdDEtQUwrZPT6AxqtsFGRNxycgncbP/xmOOSPw5ZUw=="],

    "zod": ["zod@4.3.6", "", {}, "sha512-rftlrkhHZOcjDwkGlnUtZZkvaPHCsDATp4pGpuOOMDaTdDDXF91wuVDJoWoPsKX/3YPQ5fHuF3STjcYyKr+Qhg=="],

    "@vercel/sandbox/zod": ["zod@3.24.4", "", {}, "sha512-OdqJE9UDRPwWsrHjLN2F8bPxvwJBK22EHLWtanu0LSYr5YqzsaaW3RMgmjwr8Rypg5k+meEJdSPXJZXE/yqOMg=="],
  }
}
